Microsoft Visual Studio Solution File, Format Version 12.00
# Visual Studio Version 17
VisualStudioVersion = 17.5.2.0
MinimumVisualStudioVersion = 10.0.40219.1
Project("{FAE04EC0-301F-11D3-BF4B-00C04F79EFBC}") = "medical-appointment-scheduling-api", "medical-appointment-scheduling-api.csproj", "{31D03C92-75FB-27A3-B97A-BCF08A89B778}"
EndProject
Global
	GlobalSection(SolutionConfigurationPlatforms) = preSolution
		Debug|Any CPU = Debug|Any CPU
		Release|Any CPU = Release|Any CPU
	EndGlobalSection
	GlobalSection(ProjectConfigurationPlatforms) = postSolution
		{31D03C92-75FB-27A3-B97A-BCF08A89B778}.Debug|Any CPU.ActiveCfg = Debug|Any CPU
		{31D03C92-75FB-27A3-B97A-BCF08A89B778}.Debug|Any CPU.Build.0 = Debug|Any CPU
		{31D03C92-75FB-27A3-B97A-BCF08A89B778}.Release|Any CPU.ActiveCfg = Release|Any CPU
		{31D03C92-75FB-27A3-B97A-BCF08A89B778}.Release|Any CPU.Build.0 = Release|Any CPU
	EndGlobalSection
	GlobalSection(SolutionProperties) = preSolution
		HideSolutionNode = FALSE
	EndGlobalSection
	GlobalSection(ExtensibilityGlobals) = postSolution
		SolutionGuid = {DCD907DC-5295-4FE9-9C70-31E80D21737F}
	EndGlobalSection
EndGlobal
